
Microsoft Visual Studio Solution File, Format Version 12.00
# Visual Studio Version 17
VisualStudioVersion = 17.0.31903.59
MinimumVisualStudioVersion = 10.0.40219.1
Project("{2150E333-8FDC-42A3-9474-1A3956D46DE8}") = "src", "src", "{C7D7B2C0-EF32-46FD-829F-09E9AEA95D0E}"
EndProject
Project("{FAE04EC0-301F-11D3-BF4B-00C04F79EFBC}") = "StardewAI.TransparentBridge", "src\StardewAI.TransparentBridge\StardewAI.TransparentBridge.csproj", "{01483AE2-3B7C-4CE6-826E-C67198ECC138}"
EndProject
Project("{FAE04EC0-301F-11D3-BF4B-00C04F79EFBC}") = "StardewAI.Contracts", "src\StardewAI.Contracts\StardewAI.Contracts.csproj", "{D3C0CF08-5864-4B0F-A01C-1E3CBF33A299}"
EndProject
Project("{FAE04EC0-301F-11D3-BF4B-00C04F79EFBC}") = "StardewAI.Core", "src\StardewAI.Core\StardewAI.Core.csproj", "{532E4B66-1283-413B-BDD6-050A6477FF34}"
EndProject
Project("{FAE04EC0-301F-11D3-BF4B-00C04F79EFBC}") = "StardewAI.Backend", "src\StardewAI.Backend\StardewAI.Backend.csproj", "{2D285388-5D82-4DD2-BBD5-582C9F2D422E}"
EndProject
Project("{2150E333-8FDC-42A3-9474-1A3956D46DE8}") = "tests", "tests", "{7DA4A68E-F186-4956-8E3B-47F59215D3AA}"
EndProject
Project("{FAE04EC0-301F-11D3-BF4B-00C04F79EFBC}") = "StardewAI.Core.Tests", "tests\StardewAI.Core.Tests\StardewAI.Core.Tests.csproj", "{3E241B54-D78E-43FF-8077-C48436A1EEC9}"
EndProject
Project("{FAE04EC0-301F-11D3-BF4B-00C04F79EFBC}") = "StardewAI.Backend.Tests", "tests\StardewAI.Backend.Tests\StardewAI.Backend.Tests.csproj", "{563FB341-F16A-4E55-B5D5-590A2F35334A}"
EndProject
Project("{2150E333-8FDC-42A3-9474-1A3956D46DE8}") = "tools", "tools", "{D65C00B9-97DB-4902-9F5D-F831BAF2171B}"
EndProject
Project("{FAE04EC0-301F-11D3-BF4B-00C04F79EFBC}") = "StardewAI.TrainingSmoke", "tools\StardewAI.TrainingSmoke\StardewAI.TrainingSmoke.csproj", "{D947DFB2-1ADF-47FD-8412-4C4BB0BC34C7}"
EndProject
Project("{FAE04EC0-301F-11D3-BF4B-00C04F79EFBC}") = "StardewAI.LiveTrainingLoop", "tools\StardewAI.LiveTrainingLoop\StardewAI.LiveTrainingLoop.csproj", "{1625D2AB-AC2A-4F61-8D87-EA1478BE0029}"
EndProject
Project("{FAE04EC0-301F-11D3-BF4B-00C04F79EFBC}") = "StardewAI.RuntimeTestHarness", "tools\StardewAI.RuntimeTestHarness\StardewAI.RuntimeTestHarness.csproj", "{B5CEBCB5-F86E-4B7F-9325-C1A58B1003CB}"
EndProject
Project("{FAE04EC0-301F-11D3-BF4B-00C04F79EFBC}") = "StardewAI.RuntimePrimitives", "src\StardewAI.RuntimePrimitives\StardewAI.RuntimePrimitives.csproj", "{F0504BBC-6A18-4F49-B1E9-867F80FDCFA1}"
EndProject
Project("{FAE04EC0-301F-11D3-BF4B-00C04F79EFBC}") = "StardewAI.KnowledgeExporter", "tools\StardewAI.KnowledgeExporter\StardewAI.KnowledgeExporter.csproj", "{BC63E6E3-A22C-482D-A032-40068445E4B1}"
EndProject
Project("{FAE04EC0-301F-11D3-BF4B-00C04F79EFBC}") = "StardewAI.KnowledgeCompiler", "tools\StardewAI.KnowledgeCompiler\StardewAI.KnowledgeCompiler.csproj", "{EAABAFB3-BA73-45AB-84D9-FD910A9EB00D}"
EndProject
Global
	GlobalSection(SolutionConfigurationPlatforms) = preSolution
		Debug|Any CPU = Debug|Any CPU
		Release|Any CPU = Release|Any CPU
	EndGlobalSection
	GlobalSection(SolutionProperties) = preSolution
		HideSolutionNode = FALSE
	EndGlobalSection
	GlobalSection(ProjectConfigurationPlatforms) = postSolution
		{01483AE2-3B7C-4CE6-826E-C67198ECC138}.Debug|Any CPU.ActiveCfg = Debug|Any CPU
		{01483AE2-3B7C-4CE6-826E-C67198ECC138}.Debug|Any CPU.Build.0 = Debug|Any CPU
		{01483AE2-3B7C-4CE6-826E-C67198ECC138}.Release|Any CPU.ActiveCfg = Release|Any CPU
		{01483AE2-3B7C-4CE6-826E-C67198ECC138}.Release|Any CPU.Build.0 = Release|Any CPU
		{D3C0CF08-5864-4B0F-A01C-1E3CBF33A299}.Debug|Any CPU.ActiveCfg = Debug|Any CPU
		{D3C0CF08-5864-4B0F-A01C-1E3CBF33A299}.Debug|Any CPU.Build.0 = Debug|Any CPU
		{D3C0CF08-5864-4B0F-A01C-1E3CBF33A299}.Release|Any CPU.ActiveCfg = Release|Any CPU
		{D3C0CF08-5864-4B0F-A01C-1E3CBF33A299}.Release|Any CPU.Build.0 = Release|Any CPU
		{532E4B66-1283-413B-BDD6-050A6477FF34}.Debug|Any CPU.ActiveCfg = Debug|Any CPU
		{532E4B66-1283-413B-BDD6-050A6477FF34}.Debug|Any CPU.Build.0 = Debug|Any CPU
		{532E4B66-1283-413B-BDD6-050A6477FF34}.Release|Any CPU.ActiveCfg = Release|Any CPU
		{532E4B66-1283-413B-BDD6-050A6477FF34}.Release|Any CPU.Build.0 = Release|Any CPU
		{2D285388-5D82-4DD2-BBD5-582C9F2D422E}.Debug|Any CPU.ActiveCfg = Debug|Any CPU
		{2D285388-5D82-4DD2-BBD5-582C9F2D422E}.Debug|Any CPU.Build.0 = Debug|Any CPU
		{2D285388-5D82-4DD2-BBD5-582C9F2D422E}.Release|Any CPU.ActiveCfg = Release|Any CPU
		{2D285388-5D82-4DD2-BBD5-582C9F2D422E}.Release|Any CPU.Build.0 = Release|Any CPU
		{3E241B54-D78E-43FF-8077-C48436A1EEC9}.Debug|Any CPU.ActiveCfg = Debug|Any CPU
		{3E241B54-D78E-43FF-8077-C48436A1EEC9}.Debug|Any CPU.Build.0 = Debug|Any CPU
		{3E241B54-D78E-43FF-8077-C48436A1EEC9}.Release|Any CPU.ActiveCfg = Release|Any CPU
		{3E241B54-D78E-43FF-8077-C48436A1EEC9}.Release|Any CPU.Build.0 = Release|Any CPU
		{563FB341-F16A-4E55-B5D5-590A2F35334A}.Debug|Any CPU.ActiveCfg = Debug|Any CPU
		{563FB341-F16A-4E55-B5D5-590A2F35334A}.Debug|Any CPU.Build.0 = Debug|Any CPU
		{563FB341-F16A-4E55-B5D5-590A2F35334A}.Release|Any CPU.ActiveCfg = Release|Any CPU
		{563FB341-F16A-4E55-B5D5-590A2F35334A}.Release|Any CPU.Build.0 = Release|Any CPU
		{D947DFB2-1ADF-47FD-8412-4C4BB0BC34C7}.Debug|Any CPU.ActiveCfg = Debug|Any CPU
		{D947DFB2-1ADF-47FD-8412-4C4BB0BC34C7}.Debug|Any CPU.Build.0 = Debug|Any CPU
		{D947DFB2-1ADF-47FD-8412-4C4BB0BC34C7}.Release|Any CPU.ActiveCfg = Release|Any CPU
		{D947DFB2-1ADF-47FD-8412-4C4BB0BC34C7}.Release|Any CPU.Build.0 = Release|Any CPU
		{1625D2AB-AC2A-4F61-8D87-EA1478BE0029}.Debug|Any CPU.ActiveCfg = Debug|Any CPU
		{1625D2AB-AC2A-4F61-8D87-EA1478BE0029}.Debug|Any CPU.Build.0 = Debug|Any CPU
		{1625D2AB-AC2A-4F61-8D87-EA1478BE0029}.Release|Any CPU.ActiveCfg = Release|Any CPU
		{1625D2AB-AC2A-4F61-8D87-EA1478BE0029}.Release|Any CPU.Build.0 = Release|Any CPU
		{B5CEBCB5-F86E-4B7F-9325-C1A58B1003CB}.Debug|Any CPU.ActiveCfg = Debug|Any CPU
		{B5CEBCB5-F86E-4B7F-9325-C1A58B1003CB}.Debug|Any CPU.Build.0 = Debug|Any CPU
		{B5CEBCB5-F86E-4B7F-9325-C1A58B1003CB}.Release|Any CPU.ActiveCfg = Release|Any CPU
		{B5CEBCB5-F86E-4B7F-9325-C1A58B1003CB}.Release|Any CPU.Build.0 = Release|Any CPU
		{F0504BBC-6A18-4F49-B1E9-867F80FDCFA1}.Debug|Any CPU.ActiveCfg = Debug|Any CPU
		{F0504BBC-6A18-4F49-B1E9-867F80FDCFA1}.Debug|Any CPU.Build.0 = Debug|Any CPU
		{F0504BBC-6A18-4F49-B1E9-867F80FDCFA1}.Release|Any CPU.ActiveCfg = Release|Any CPU
		{F0504BBC-6A18-4F49-B1E9-867F80FDCFA1}.Release|Any CPU.Build.0 = Release|Any CPU
		{BC63E6E3-A22C-482D-A032-40068445E4B1}.Debug|Any CPU.ActiveCfg = Debug|Any CPU
		{BC63E6E3-A22C-482D-A032-40068445E4B1}.Debug|Any CPU.Build.0 = Debug|Any CPU
		{BC63E6E3-A22C-482D-A032-40068445E4B1}.Release|Any CPU.ActiveCfg = Release|Any CPU
		{BC63E6E3-A22C-482D-A032-40068445E4B1}.Release|Any CPU.Build.0 = Release|Any CPU
		{EAABAFB3-BA73-45AB-84D9-FD910A9EB00D}.Debug|Any CPU.ActiveCfg = Debug|Any CPU
		{EAABAFB3-BA73-45AB-84D9-FD910A9EB00D}.Debug|Any CPU.Build.0 = Debug|Any CPU
		{EAABAFB3-BA73-45AB-84D9-FD910A9EB00D}.Release|Any CPU.ActiveCfg = Release|Any CPU
		{EAABAFB3-BA73-45AB-84D9-FD910A9EB00D}.Release|Any CPU.Build.0 = Release|Any CPU
	EndGlobalSection
	GlobalSection(NestedProjects) = preSolution
		{01483AE2-3B7C-4CE6-826E-C67198ECC138} = {C7D7B2C0-EF32-46FD-829F-09E9AEA95D0E}
		{D3C0CF08-5864-4B0F-A01C-1E3CBF33A299} = {C7D7B2C0-EF32-46FD-829F-09E9AEA95D0E}
		{532E4B66-1283-413B-BDD6-050A6477FF34} = {C7D7B2C0-EF32-46FD-829F-09E9AEA95D0E}
		{2D285388-5D82-4DD2-BBD5-582C9F2D422E} = {C7D7B2C0-EF32-46FD-829F-09E9AEA95D0E}
		{3E241B54-D78E-43FF-8077-C48436A1EEC9} = {7DA4A68E-F186-4956-8E3B-47F59215D3AA}
		{563FB341-F16A-4E55-B5D5-590A2F35334A} = {7DA4A68E-F186-4956-8E3B-47F59215D3AA}
		{D947DFB2-1ADF-47FD-8412-4C4BB0BC34C7} = {D65C00B9-97DB-4902-9F5D-F831BAF2171B}
		{1625D2AB-AC2A-4F61-8D87-EA1478BE0029} = {D65C00B9-97DB-4902-9F5D-F831BAF2171B}
		{B5CEBCB5-F86E-4B7F-9325-C1A58B1003CB} = {D65C00B9-97DB-4902-9F5D-F831BAF2171B}
		{F0504BBC-6A18-4F49-B1E9-867F80FDCFA1} = {C7D7B2C0-EF32-46FD-829F-09E9AEA95D0E}
		{BC63E6E3-A22C-482D-A032-40068445E4B1} = {D65C00B9-97DB-4902-9F5D-F831BAF2171B}
		{EAABAFB3-BA73-45AB-84D9-FD910A9EB00D} = {D65C00B9-97DB-4902-9F5D-F831BAF2171B}
	EndGlobalSection
EndGlobal
